
Microsoft Visual Studio Solution File, Format Version 12.00
# Visual Studio Version 17
VisualStudioVersion = 17.13.35818.85 d17.13
MinimumVisualStudioVersion = 10.0.40219.1
Project("{FAE04EC0-301F-11D3-BF4B-00C04F79EFBC}") = "L01P022022EO650", "L01P022022EO650\L01P022022EO650.csproj", "{8B8FEB64-29EE-4013-8F07-400B3DB5E632}"
EndProject
Global
	GlobalSection(SolutionConfigurationPlatforms) = preSolution
		Debug|Any CPU = Debug|Any CPU
		Release|Any CPU = Release|Any CPU
	EndGlobalSection
	GlobalSection(ProjectConfigurationPlatforms) = postSolution
		{8B8FEB64-29EE-4013-8F07-400B3DB5E632}.Debug|Any CPU.ActiveCfg = Debug|Any CPU
		{8B8FEB64-29EE-4013-8F07-400B3DB5E632}.Debug|Any CPU.Build.0 = Debug|Any CPU
		{8B8FEB64-29EE-4013-8F07-400B3DB5E632}.Release|Any CPU.ActiveCfg = Release|Any CPU
		{8B8FEB64-29EE-4013-8F07-400B3DB5E632}.Release|Any CPU.Build.0 = Release|Any CPU
	EndGlobalSection
	GlobalSection(SolutionProperties) = preSolution
		HideSolutionNode = FALSE
	EndGlobalSection
	GlobalSection(ExtensibilityGlobals) = postSolution
		SolutionGuid = {124A742C-2A74-4439-8D13-93F9D30D6441}
	EndGlobalSection
EndGlobal
